
Microsoft Visual Studio Solution File, Format Version 12.00
# Visual Studio Version 16
VisualStudioVersion = 16.0.30002.166
MinimumVisualStudioVersion = 10.0.40219.1
Project("{FAE04EC0-301F-11D3-BF4B-00C04F79EFBC}") = "Is This Vegan.UWP", "Is This Vegan\Is This Vegan.UWP\Is This Vegan.UWP.csproj", "{0576CDAB-3760-4AA4-880D-E862ECD770D6}"
EndProject
Project("{FAE04EC0-301F-11D3-BF4B-00C04F79EFBC}") = "Is This Vegan.Android", "Is This Vegan\Is This Vegan.Android\Is This Vegan.Android.csproj", "{11873E8C-A02D-4CB8-B2E4-AD167CDA7106}"
EndProject
Project("{FAE04EC0-301F-11D3-BF4B-00C04F79EFBC}") = "Is This Vegan.iOS", "Is This Vegan\Is This Vegan.iOS\Is This Vegan.iOS.csproj", "{80BD2EFB-3E42-45DD-838C-DBA0E57C200B}"
EndProject
Project("{9A19103F-16F7-4668-BE54-9A1E7A4F7556}") = "Is This Vegan", "Is This Vegan\Is This Vegan\Is This Vegan.csproj", "{DBC80EEF-43C5-4C13-9111-BE1A7C0D5B9D}"
EndProject
Global
	GlobalSection(SolutionConfigurationPlatforms) = preSolution
		Debug|Any CPU = Debug|Any CPU
		Debug|ARM = Debug|ARM
		Debug|iPhone = Debug|iPhone
		Debug|iPhoneSimulator = Debug|iPhoneSimulator
		Debug|x64 = Debug|x64
		Debug|x86 = Debug|x86
		Release|Any CPU = Release|Any CPU
		Release|ARM = Release|ARM
		Release|iPhone = Release|iPhone
		Release|iPhoneSimulator = Release|iPhoneSimulator
		Release|x64 = Release|x64
		Release|x86 = Release|x86
	EndGlobalSection
	GlobalSection(ProjectConfigurationPlatforms) = postSolution
		{0576CDAB-3760-4AA4-880D-E862ECD770D6}.Debug|Any CPU.ActiveCfg = Debug|x86
		{0576CDAB-3760-4AA4-880D-E862ECD770D6}.Debug|Any CPU.Build.0 = Debug|x86
		{0576CDAB-3760-4AA4-880D-E862ECD770D6}.Debug|Any CPU.Deploy.0 = Debug|x86
		{0576CDAB-3760-4AA4-880D-E862ECD770D6}.Debug|ARM.ActiveCfg = Debug|ARM
		{0576CDAB-3760-4AA4-880D-E862ECD770D6}.Debug|ARM.Build.0 = Debug|ARM
		{0576CDAB-3760-4AA4-880D-E862ECD770D6}.Debug|ARM.Deploy.0 = Debug|ARM
		{0576CDAB-3760-4AA4-880D-E862ECD770D6}.Debug|iPhone.ActiveCfg = Debug|x86
		{0576CDAB-3760-4AA4-880D-E862ECD770D6}.Debug|iPhone.Build.0 = Debug|x86
		{0576CDAB-3760-4AA4-880D-E862ECD770D6}.Debug|iPhone.Deploy.0 = Debug|x86
		{0576CDAB-3760-4AA4-880D-E862ECD770D6}.Debug|iPhoneSimulator.ActiveCfg = Debug|x86
		{0576CDAB-3760-4AA4-880D-E862ECD770D6}.Debug|iPhoneSimulator.Build.0 = Debug|x86
		{0576CDAB-3760-4AA4-880D-E862ECD770D6}.Debug|iPhoneSimulator.Deploy.0 = Debug|x86
		{0576CDAB-3760-4AA4-880D-E862ECD770D6}.Debug|x64.ActiveCfg = Debug|x64
		{0576CDAB-3760-4AA4-880D-E862ECD770D6}.Debug|x64.Build.0 = Debug|x64
		{0576CDAB-3760-4AA4-880D-E862ECD770D6}.Debug|x64.Deploy.0 = Debug|x64
		{0576CDAB-3760-4AA4-880D-E862ECD770D6}.Debug|x86.ActiveCfg = Debug|x86
		{0576CDAB-3760-4AA4-880D-E862ECD770D6}.Debug|x86.Build.0 = Debug|x86
		{0576CDAB-3760-4AA4-880D-E862ECD770D6}.Debug|x86.Deploy.0 = Debug|x86
		{0576CDAB-3760-4AA4-880D-E862ECD770D6}.Release|Any CPU.ActiveCfg = Release|x86
		{0576CDAB-3760-4AA4-880D-E862ECD770D6}.Release|Any CPU.Build.0 = Release|x86
		{0576CDAB-3760-4AA4-880D-E862ECD770D6}.Release|Any CPU.Deploy.0 = Release|x86
		{0576CDAB-3760-4AA4-880D-E862ECD770D6}.Release|ARM.ActiveCfg = Release|ARM
		{0576CDAB-3760-4AA4-880D-E862ECD770D6}.Release|ARM.Build.0 = Release|ARM
		{0576CDAB-3760-4AA4-880D-E862ECD770D6}.Release|ARM.Deploy.0 = Release|ARM
		{0576CDAB-3760-4AA4-880D-E862ECD770D6}.Release|iPhone.ActiveCfg = Release|x86
		{0576CDAB-3760-4AA4-880D-E862ECD770D6}.Release|iPhone.Build.0 = Release|x86
		{0576CDAB-3760-4AA4-880D-E862ECD770D6}.Release|iPhone.Deploy.0 = Release|x86
		{0576CDAB-3760-4AA4-880D-E862ECD770D6}.Release|iPhoneSimulator.ActiveCfg = Release|x86
		{0576CDAB-3760-4AA4-880D-E862ECD770D6}.Release|iPhoneSimulator.Build.0 = Release|x86
		{0576CDAB-3760-4AA4-880D-E862ECD770D6}.Release|iPhoneSimulator.Deploy.0 = Release|x86
		{0576CDAB-3760-4AA4-880D-E862ECD770D6}.Release|x64.ActiveCfg = Release|x64
		{0576CDAB-3760-4AA4-880D-E862ECD770D6}.Release|x64.Build.0 = Release|x64
		{0576CDAB-3760-4AA4-880D-E862ECD770D6}.Release|x64.Deploy.0 = Release|x64
		{0576CDAB-3760-4AA4-880D-E862ECD770D6}.Release|x86.ActiveCfg = Release|x86
		{0576CDAB-3760-4AA4-880D-E862ECD770D6}.Release|x86.Build.0 = Release|x86
		{0576CDAB-3760-4AA4-880D-E862ECD770D6}.Release|x86.Deploy.0 = Release|x86
		{11873E8C-A02D-4CB8-B2E4-AD167CDA7106}.Debug|Any CPU.ActiveCfg = Debug|Any CPU
		{11873E8C-A02D-4CB8-B2E4-AD167CDA7106}.Debug|Any CPU.Build.0 = Debug|Any CPU
		{11873E8C-A02D-4CB8-B2E4-AD167CDA7106}.Debug|Any CPU.Deploy.0 = Debug|Any CPU
		{11873E8C-A02D-4CB8-B2E4-AD167CDA7106}.Debug|ARM.ActiveCfg = Debug|Any CPU
		{11873E8C-A02D-4CB8-B2E4-AD167CDA7106}.Debug|ARM.Build.0 = Debug|Any CPU
		{11873E8C-A02D-4CB8-B2E4-AD167CDA7106}.Debug|ARM.Deploy.0 = Debug|Any CPU
		{11873E8C-A02D-4CB8-B2E4-AD167CDA7106}.Debug|iPhone.ActiveCfg = Debug|Any CPU
		{11873E8C-A02D-4CB8-B2E4-AD167CDA7106}.Debug|iPhone.Build.0 = Debug|Any CPU
		{11873E8C-A02D-4CB8-B2E4-AD167CDA7106}.Debug|iPhone.Deploy.0 = Debug|Any CPU
		{11873E8C-A02D-4CB8-B2E4-AD167CDA7106}.Debug|iPhoneSimulator.ActiveCfg = Debug|Any CPU
		{11873E8C-A02D-4CB8-B2E4-AD167CDA7106}.Debug|iPhoneSimulator.Build.0 = Debug|Any CPU
		{11873E8C-A02D-4CB8-B2E4-AD167CDA7106}.Debug|iPhoneSimulator.Deploy.0 = Debug|Any CPU
		{11873E8C-A02D-4CB8-B2E4-AD167CDA7106}.Debug|x64.ActiveCfg = Debug|Any CPU
		{11873E8C-A02D-4CB8-B2E4-AD167CDA7106}.Debug|x64.Build.0 = Debug|Any CPU
		{11873E8C-A02D-4CB8-B2E4-AD167CDA7106}.Debug|x64.Deploy.0 = Debug|Any CPU
		{11873E8C-A02D-4CB8-B2E4-AD167CDA7106}.Debug|x86.ActiveCfg = Debug|Any CPU
		{11873E8C-A02D-4CB8-B2E4-AD167CDA7106}.Debug|x86.Build.0 = Debug|Any CPU
		{11873E8C-A02D-4CB8-B2E4-AD167CDA7106}.Debug|x86.Deploy.0 = Debug|Any CPU
		{11873E8C-A02D-4CB8-B2E4-AD167CDA7106}.Release|Any CPU.ActiveCfg = Release|Any CPU
		{11873E8C-A02D-4CB8-B2E4-AD167CDA7106}.Release|Any CPU.Build.0 = Release|Any CPU
		{11873E8C-A02D-4CB8-B2E4-AD167CDA7106}.Release|Any CPU.Deploy.0 = Release|Any CPU
		{11873E8C-A02D-4CB8-B2E4-AD167CDA7106}.Release|ARM.ActiveCfg = Release|Any CPU
		{11873E8C-A02D-4CB8-B2E4-AD167CDA7106}.Release|ARM.Build.0 = Release|Any CPU
		{11873E8C-A02D-4CB8-B2E4-AD167CDA7106}.Release|ARM.Deploy.0 = Release|Any CPU
		{11873E8C-A02D-4CB8-B2E4-AD167CDA7106}.Release|iPhone.ActiveCfg = Release|Any CPU
		{11873E8C-A02D-4CB8-B2E4-AD167CDA7106}.Release|iPhone.Build.0 = Release|Any CPU
		{11873E8C-A02D-4CB8-B2E4-AD167CDA7106}.Release|iPhone.Deploy.0 = Release|Any CPU
		{11873E8C-A02D-4CB8-B2E4-AD167CDA7106}.Release|iPhoneSimulator.ActiveCfg = Release|Any CPU
		{11873E8C-A02D-4CB8-B2E4-AD167CDA7106}.Release|iPhoneSimulator.Build.0 = Release|Any CPU
		{11873E8C-A02D-4CB8-B2E4-AD167CDA7106}.Release|iPhoneSimulator.Deploy.0 = Release|Any CPU
		{11873E8C-A02D-4CB8-B2E4-AD167CDA7106}.Release|x64.ActiveCfg = Release|Any CPU
		{11873E8C-A02D-4CB8-B2E4-AD167CDA7106}.Release|x64.Build.0 = Release|Any CPU
		{11873E8C-A02D-4CB8-B2E4-AD167CDA7106}.Release|x64.Deploy.0 = Release|Any CPU
		{11873E8C-A02D-4CB8-B2E4-AD167CDA7106}.Release|x86.ActiveCfg = Release|Any CPU
		{11873E8C-A02D-4CB8-B2E4-AD167CDA7106}.Release|x86.Build.0 = Release|Any CPU
		{11873E8C-A02D-4CB8-B2E4-AD167CDA7106}.Release|x86.Deploy.0 = Release|Any CPU
		{80BD2EFB-3E42-45DD-838C-DBA0E57C200B}.Debug|Any CPU.ActiveCfg = Debug|iPhone
		{80BD2EFB-3E42-45DD-838C-DBA0E57C200B}.Debug|Any CPU.Build.0 = Debug|iPhone
		{80BD2EFB-3E42-45DD-838C-DBA0E57C200B}.Debug|Any CPU.Deploy.0 = Debug|iPhone
		{80BD2EFB-3E42-45DD-838C-DBA0E57C200B}.Debug|ARM.ActiveCfg = Debug|iPhone
		{80BD2EFB-3E42-45DD-838C-DBA0E57C200B}.Debug|ARM.Build.0 = Debug|iPhone
		{80BD2EFB-3E42-45DD-838C-DBA0E57C200B}.Debug|ARM.Deploy.0 = Debug|iPhone
		{80BD2EFB-3E42-45DD-838C-DBA0E57C200B}.Debug|iPhone.ActiveCfg = Debug|iPhone
		{80BD2EFB-3E42-45DD-838C-DBA0E57C200B}.Debug|iPhone.Build.0 = Debug|iPhone
		{80BD2EFB-3E42-45DD-838C-DBA0E57C200B}.Debug|iPhone.Deploy.0 = Debug|iPhone
		{80BD2EFB-3E42-45DD-838C-DBA0E57C200B}.Debug|iPhoneSimulator.ActiveCfg = Debug|iPhoneSimulator
		{80BD2EFB-3E42-45DD-838C-DBA0E57C200B}.Debug|iPhoneSimulator.Build.0 = Debug|iPhoneSimulator
		{80BD2EFB-3E42-45DD-838C-DBA0E57C200B}.Debug|iPhoneSimulator.Deploy.0 = Debug|iPhoneSimulator
		{80BD2EFB-3E42-45DD-838C-DBA0E57C200B}.Debug|x64.ActiveCfg = Debug|iPhone
		{80BD2EFB-3E42-45DD-838C-DBA0E57C200B}.Debug|x64.Build.0 = Debug|iPhone
		{80BD2EFB-3E42-45DD-838C-DBA0E57C200B}.Debug|x64.Deploy.0 = Debug|iPhone
		{80BD2EFB-3E42-45DD-838C-DBA0E57C200B}.Debug|x86.ActiveCfg = Debug|iPhone
		{80BD2EFB-3E42-45DD-838C-DBA0E57C200B}.Debug|x86.Build.0 = Debug|iPhone
		{80BD2EFB-3E42-45DD-838C-DBA0E57C200B}.Debug|x86.Deploy.0 = Debug|iPhone
		{80BD2EFB-3E42-45DD-838C-DBA0E57C200B}.Release|Any CPU.ActiveCfg = Release|iPhone
		{80BD2EFB-3E42-45DD-838C-DBA0E57C200B}.Release|Any CPU.Build.0 = Release|iPhone
		{80BD2EFB-3E42-45DD-838C-DBA0E57C200B}.Release|Any CPU.Deploy.0 = Release|iPhone
		{80BD2EFB-3E42-45DD-838C-DBA0E57C200B}.Release|ARM.ActiveCfg = Release|iPhone
		{80BD2EFB-3E42-45DD-838C-DBA0E57C200B}.Release|ARM.Build.0 = Release|iPhone
		{80BD2EFB-3E42-45DD-838C-DBA0E57C200B}.Release|ARM.Deploy.0 = Release|iPhone
		{80BD2EFB-3E42-45DD-838C-DBA0E57C200B}.Release|iPhone.ActiveCfg = Release|iPhone
		{80BD2EFB-3E42-45DD-838C-DBA0E57C200B}.Release|iPhone.Build.0 = Release|iPhone
		{80BD2EFB-3E42-45DD-838C-DBA0E57C200B}.Release|iPhone.Deploy.0 = Release|iPhone
		{80BD2EFB-3E42-45DD-838C-DBA0E57C200B}.Release|iPhoneSimulator.ActiveCfg = Release|iPhoneSimulator
		{80BD2EFB-3E42-45DD-838C-DBA0E57C200B}.Release|iPhoneSimulator.Build.0 = Release|iPhoneSimulator
		{80BD2EFB-3E42-45DD-838C-DBA0E57C200B}.Release|iPhoneSimulator.Deploy.0 = Release|iPhoneSimulator
		{80BD2EFB-3E42-45DD-838C-DBA0E57C200B}.Release|x64.ActiveCfg = Release|iPhone
		{80BD2EFB-3E42-45DD-838C-DBA0E57C200B}.Release|x64.Build.0 = Release|iPhone
		{80BD2EFB-3E42-45DD-838C-DBA0E57C200B}.Release|x64.Deploy.0 = Release|iPhone
		{80BD2EFB-3E42-45DD-838C-DBA0E57C200B}.Release|x86.ActiveCfg = Release|iPhone
		{80BD2EFB-3E42-45DD-838C-DBA0E57C200B}.Release|x86.Build.0 = Release|iPhone
		{80BD2EFB-3E42-45DD-838C-DBA0E57C200B}.Release|x86.Deploy.0 = Release|iPhone
		{DBC80EEF-43C5-4C13-9111-BE1A7C0D5B9D}.Debug|Any CPU.ActiveCfg = Debug|Any CPU
		{DBC80EEF-43C5-4C13-9111-BE1A7C0D5B9D}.Debug|Any CPU.Build.0 = Debug|Any CPU
		{DBC80EEF-43C5-4C13-9111-BE1A7C0D5B9D}.Debug|Any CPU.Deploy.0 = Debug|Any CPU
		{DBC80EEF-43C5-4C13-9111-BE1A7C0D5B9D}.Debug|ARM.ActiveCfg = Debug|Any CPU
		{DBC80EEF-43C5-4C13-9111-BE1A7C0D5B9D}.Debug|ARM.Build.0 = Debug|Any CPU
		{DBC80EEF-43C5-4C13-9111-BE1A7C0D5B9D}.Debug|ARM.Deploy.0 = Debug|Any CPU
		{DBC80EEF-43C5-4C13-9111-BE1A7C0D5B9D}.Debug|iPhone.ActiveCfg = Debug|Any CPU
		{DBC80EEF-43C5-4C13-9111-BE1A7C0D5B9D}.Debug|iPhone.Build.0 = Debug|Any CPU
		{DBC80EEF-43C5-4C13-9111-BE1A7C0D5B9D}.Debug|iPhone.Deploy.0 = Debug|Any CPU
		{DBC80EEF-43C5-4C13-9111-BE1A7C0D5B9D}.Debug|iPhoneSimulator.ActiveCfg = Debug|Any CPU
		{DBC80EEF-43C5-4C13-9111-BE1A7C0D5B9D}.Debug|iPhoneSimulator.Build.0 = Debug|Any CPU
		{DBC80EEF-43C5-4C13-9111-BE1A7C0D5B9D}.Debug|iPhoneSimulator.Deploy.0 = Debug|Any CPU
		{DBC80EEF-43C5-4C13-9111-BE1A7C0D5B9D}.Debug|x64.ActiveCfg = Debug|Any CPU
		{DBC80EEF-43C5-4C13-9111-BE1A7C0D5B9D}.Debug|x64.Build.0 = Debug|Any CPU
		{DBC80EEF-43C5-4C13-9111-BE1A7C0D5B9D}.Debug|x64.Deploy.0 = Debug|Any CPU
		{DBC80EEF-43C5-4C13-9111-BE1A7C0D5B9D}.Debug|x86.ActiveCfg = Debug|Any CPU
		{DBC80EEF-43C5-4C13-9111-BE1A7C0D5B9D}.Debug|x86.Build.0 = Debug|Any CPU
		{DBC80EEF-43C5-4C13-9111-BE1A7C0D5B9D}.Debug|x86.Deploy.0 = Debug|Any CPU
		{DBC80EEF-43C5-4C13-9111-BE1A7C0D5B9D}.Release|Any CPU.ActiveCfg = Release|Any CPU
		{DBC80EEF-43C5-4C13-9111-BE1A7C0D5B9D}.Release|Any CPU.Build.0 = Release|Any CPU
		{DBC80EEF-43C5-4C13-9111-BE1A7C0D5B9D}.Release|Any CPU.Deploy.0 = Release|Any CPU
		{DBC80EEF-43C5-4C13-9111-BE1A7C0D5B9D}.Release|ARM.ActiveCfg = Release|Any CPU
		{DBC80EEF-43C5-4C13-9111-BE1A7C0D5B9D}.Release|ARM.Build.0 = Release|Any CPU
		{DBC80EEF-43C5-4C13-9111-BE1A7C0D5B9D}.Release|ARM.Deploy.0 = Release|Any CPU
		{DBC80EEF-43C5-4C13-9111-BE1A7C0D5B9D}.Release|iPhone.ActiveCfg = Release|Any CPU
		{DBC80EEF-43C5-4C13-9111-BE1A7C0D5B9D}.Release|iPhone.Build.0 = Release|Any CPU
		{DBC80EEF-43C5-4C13-9111-BE1A7C0D5B9D}.Release|iPhone.Deploy.0 = Release|Any CPU
		{DBC80EEF-43C5-4C13-9111-BE1A7C0D5B9D}.Release|iPhoneSimulator.ActiveCfg = Release|Any CPU
		{DBC80EEF-43C5-4C13-9111-BE1A7C0D5B9D}.Release|iPhoneSimulator.Build.0 = Release|Any CPU
		{DBC80EEF-43C5-4C13-9111-BE1A7C0D5B9D}.Release|iPhoneSimulator.Deploy.0 = Release|Any CPU
		{DBC80EEF-43C5-4C13-9111-BE1A7C0D5B9D}.Release|x64.ActiveCfg = Release|Any CPU
		{DBC80EEF-43C5-4C13-9111-BE1A7C0D5B9D}.Release|x64.Build.0 = Release|Any CPU
		{DBC80EEF-43C5-4C13-9111-BE1A7C0D5B9D}.Release|x64.Deploy.0 = Release|Any CPU
		{DBC80EEF-43C5-4C13-9111-BE1A7C0D5B9D}.Release|x86.ActiveCfg = Release|Any CPU
		{DBC80EEF-43C5-4C13-9111-BE1A7C0D5B9D}.Release|x86.Build.0 = Release|Any CPU
		{DBC80EEF-43C5-4C13-9111-BE1A7C0D5B9D}.Release|x86.Deploy.0 = Release|Any CPU
	EndGlobalSection
	GlobalSection(SolutionProperties) = preSolution
		HideSolutionNode = FALSE
	EndGlobalSection
	GlobalSection(ExtensibilityGlobals) = postSolution
		SolutionGuid = {16F8E991-1B11-4377-8AC0-7C388B11F0AF}
	EndGlobalSection
EndGlobal
